
Microsoft Visual Studio Solution File, Format Version 11.00
# Visual Studio 2010
Project("{FAE04EC0-301F-11D3-BF4B-00C04F79EFBC}") = "Assembly-CSharp", "Assembly-CSharp.csproj", "{85b263fa-3eb7-0bf4-9d78-60497a90c4aa}"
EndProject
Project("{FAE04EC0-301F-11D3-BF4B-00C04F79EFBC}") = "Assembly-CSharp-Editor", "Assembly-CSharp-Editor.csproj", "{6b8a0798-4411-366c-0b26-cb85e467f152}"
EndProject
Global
	GlobalSection(SolutionConfigurationPlatforms) = preSolution
		Debug|Any CPU = Debug|Any CPU
	EndGlobalSection
	GlobalSection(ProjectConfigurationPlatforms) = postSolution
		{85b263fa-3eb7-0bf4-9d78-60497a90c4aa}.Debug|Any CPU.ActiveCfg = Debug|Any CPU
		{85b263fa-3eb7-0bf4-9d78-60497a90c4aa}.Debug|Any CPU.Build.0 = Debug|Any CPU
		{6b8a0798-4411-366c-0b26-cb85e467f152}.Debug|Any CPU.ActiveCfg = Debug|Any CPU
		{6b8a0798-4411-366c-0b26-cb85e467f152}.Debug|Any CPU.Build.0 = Debug|Any CPU
	EndGlobalSection
	GlobalSection(SolutionProperties) = preSolution
		HideSolutionNode = FALSE
	EndGlobalSection
EndGlobal
